
Microsoft Visual Studio Solution File, Format Version 12.00
# Visual Studio 15
VisualStudioVersion = 15.0.28307.329
MinimumVisualStudioVersion = 10.0.40219.1
Project("{FAE04EC0-301F-11D3-BF4B-00C04F79EFBC}") = "VideoStreamingApp", "VideoStreamingApp\VideoStreamingApp.csproj", "{7DC991CB-D8F0-4A73-88FE-D97E66F91E8A}"
EndProject
Global
	GlobalSection(SolutionConfigurationPlatforms) = preSolution
		Debug|Any CPU = Debug|Any CPU
		Release|Any CPU = Release|Any CPU
	EndGlobalSection
	GlobalSection(ProjectConfigurationPlatforms) = postSolution
		{7DC991CB-D8F0-4A73-88FE-D97E66F91E8A}.Debug|Any CPU.ActiveCfg = Debug|Any CPU
		{7DC991CB-D8F0-4A73-88FE-D97E66F91E8A}.Debug|Any CPU.Build.0 = Debug|Any CPU
		{7DC991CB-D8F0-4A73-88FE-D97E66F91E8A}.Release|Any CPU.ActiveCfg = Release|Any CPU
		{7DC991CB-D8F0-4A73-88FE-D97E66F91E8A}.Release|Any CPU.Build.0 = Release|Any CPU
	EndGlobalSection
	GlobalSection(SolutionProperties) = preSolution
		HideSolutionNode = FALSE
	EndGlobalSection
	GlobalSection(ExtensibilityGlobals) = postSolution
		SolutionGuid = {12988E0C-9317-49FC-8932-359D396595B8}
	EndGlobalSection
EndGlobal
